# This file is automatically @generated by Cargo.
# It is not intended for manual editing.
version = 4

[[package]]
name = "compiler"
version = "0.1.0"

[[package]]
name = "hack_assembler"
version = "0.1.0"

[[package]]
name = "hvm"
version = "0.1.0"

[[package]]
name = "nand2Tetris"
version = "0.1.0"
dependencies = [
 "compiler",
 "hack_assembler",
 "hvm",
]
